
Microsoft Visual Studio Solution File, Format Version 12.00
# Visual Studio Version 17
VisualStudioVersion = 17.5.002.0
MinimumVisualStudioVersion = 10.0.40219.1
Project("{2150E333-8FDC-42A3-9474-1A3956D46DE8}") = "csharp-prep", "csharp-prep", "{7FADA346-6364-40B1-99DF-0F16C300D424}"
EndProject
Project("{9A19103F-16F7-4668-BE54-9A1E7A4F7556}") = "Prep1", "csharp-prep\Prep1\Prep1.csproj", "{99A3E502-3946-47BE-B29C-EBDD19637C0E}"
EndProject
Project("{9A19103F-16F7-4668-BE54-9A1E7A4F7556}") = "Prep2", "csharp-prep\Prep2\Prep2.csproj", "{D8243B26-31BE-4ECD-B399-20036AEEA2DD}"
EndProject
Project("{9A19103F-16F7-4668-BE54-9A1E7A4F7556}") = "Prep3", "csharp-prep\Prep3\Prep3.csproj", "{E64FCD5A-3053-4CCB-A647-27A4BFDEDBC5}"
EndProject
Project("{9A19103F-16F7-4668-BE54-9A1E7A4F7556}") = "Prep4", "csharp-prep\Prep4\Prep4.csproj", "{BB7B7AA3-84ED-42F8-9C33-B34CD3F0CBCA}"
EndProject
Project("{9A19103F-16F7-4668-BE54-9A1E7A4F7556}") = "Prep5", "csharp-prep\Prep5\Prep5.csproj", "{2C9A1D69-F2E0-4FB4-A9C3-660CB14CA059}"
EndProject
Project("{2150E333-8FDC-42A3-9474-1A3956D46DE8}") = "final", "final", "{3B94BCBE-371F-40B3-BD56-FF8B44367D44}"
EndProject
Project("{9A19103F-16F7-4668-BE54-9A1E7A4F7556}") = "FinalProject", "final\FinalProject\FinalProject.csproj", "{8FA345AB-A8CF-498E-9021-6AE4E8141771}"
EndProject
Project("{9A19103F-16F7-4668-BE54-9A1E7A4F7556}") = "Foundation1", "final\Foundation1\Foundation1.csproj", "{545744CA-EBB3-434E-B089-4F659CAF4DE2}"
EndProject
Project("{9A19103F-16F7-4668-BE54-9A1E7A4F7556}") = "Foundation2", "final\Foundation2\Foundation2.csproj", "{2DA4A822-DCF4-4209-B0CF-2F59FB75C15B}"
EndProject
Project("{9A19103F-16F7-4668-BE54-9A1E7A4F7556}") = "Foundation3", "final\Foundation3\Foundation3.csproj", "{939D6D70-04B8-466B-8519-FC384E1DF79B}"
EndProject
Project("{9A19103F-16F7-4668-BE54-9A1E7A4F7556}") = "Foundation4", "final\Foundation4\Foundation4.csproj", "{73853862-53FC-432B-BFB4-172960A8D190}"
EndProject
Project("{2150E333-8FDC-42A3-9474-1A3956D46DE8}") = "prepare", "prepare", "{9AEAFA61-04B4-4A22-B2F3-1065D9A6FDD3}"
EndProject
Project("{9A19103F-16F7-4668-BE54-9A1E7A4F7556}") = "Learning02", "prepare\Learning02\Learning02.csproj", "{38894DEA-E63B-4FD9-B5C7-3FFE5DEBDEB9}"
EndProject
Project("{9A19103F-16F7-4668-BE54-9A1E7A4F7556}") = "Learning03", "prepare\Learning03\Learning03.csproj", "{22E1C1CE-6426-47BC-8467-47C98195991E}"
EndProject
Project("{9A19103F-16F7-4668-BE54-9A1E7A4F7556}") = "Learning04", "prepare\Learning04\Learning04.csproj", "{1A90BC56-05F8-40FC-B24E-EA1426A5E90A}"
EndProject
Project("{9A19103F-16F7-4668-BE54-9A1E7A4F7556}") = "Learning05", "prepare\Learning05\Learning05.csproj", "{A0BDF32F-58EF-4ADB-9F5A-D72367A43C55}"
EndProject
Project("{2150E333-8FDC-42A3-9474-1A3956D46DE8}") = "prove", "prove", "{5EE7819E-BB6F-4898-8BF2-20BDBFF30250}"
EndProject
Project("{9A19103F-16F7-4668-BE54-9A1E7A4F7556}") = "Develop02", "prove\Develop02\Develop02.csproj", "{7C55237A-FAF4-49D8-8555-D1B60D7CC839}"
EndProject
Project("{9A19103F-16F7-4668-BE54-9A1E7A4F7556}") = "Develop03", "prove\Develop03\Develop03.csproj", "{629AB277-2742-4FA8-A2FA-A9645D7C33E0}"
EndProject
Project("{9A19103F-16F7-4668-BE54-9A1E7A4F7556}") = "Develop04", "prove\Develop04\Develop04.csproj", "{D75258DF-80F7-4E59-B436-4E5104E8C520}"
EndProject
Project("{9A19103F-16F7-4668-BE54-9A1E7A4F7556}") = "Develop05", "prove\Develop05\Develop05.csproj", "{55A78A2F-23BB-4700-98DE-7255C309EBE5}"
EndProject
Project("{2150E333-8FDC-42A3-9474-1A3956D46DE8}") = "sandbox", "sandbox", "{809894D7-AB5E-4DE7-9F9D-1F785B05FEEC}"
EndProject
Project("{9A19103F-16F7-4668-BE54-9A1E7A4F7556}") = "Sandbox", "sandbox\Sandbox\Sandbox.csproj", "{699F6134-457A-438E-B0BF-DFBB55B51616}"
EndProject
Global
	GlobalSection(SolutionConfigurationPlatforms) = preSolution
		Debug|Any CPU = Debug|Any CPU
		Release|Any CPU = Release|Any CPU
	EndGlobalSection
	GlobalSection(ProjectConfigurationPlatforms) = postSolution
		{99A3E502-3946-47BE-B29C-EBDD19637C0E}.Debug|Any CPU.ActiveCfg = Debug|Any CPU
		{99A3E502-3946-47BE-B29C-EBDD19637C0E}.Debug|Any CPU.Build.0 = Debug|Any CPU
		{99A3E502-3946-47BE-B29C-EBDD19637C0E}.Release|Any CPU.ActiveCfg = Release|Any CPU
		{99A3E502-3946-47BE-B29C-EBDD19637C0E}.Release|Any CPU.Build.0 = Release|Any CPU
		{D8243B26-31BE-4ECD-B399-20036AEEA2DD}.Debug|Any CPU.ActiveCfg = Debug|Any CPU
		{D8243B26-31BE-4ECD-B399-20036AEEA2DD}.Debug|Any CPU.Build.0 = Debug|Any CPU
		{D8243B26-31BE-4ECD-B399-20036AEEA2DD}.Release|Any CPU.ActiveCfg = Release|Any CPU
		{D8243B26-31BE-4ECD-B399-20036AEEA2DD}.Release|Any CPU.Build.0 = Release|Any CPU
		{E64FCD5A-3053-4CCB-A647-27A4BFDEDBC5}.Debug|Any CPU.ActiveCfg = Debug|Any CPU
		{E64FCD5A-3053-4CCB-A647-27A4BFDEDBC5}.Debug|Any CPU.Build.0 = Debug|Any CPU
		{E64FCD5A-3053-4CCB-A647-27A4BFDEDBC5}.Release|Any CPU.ActiveCfg = Release|Any CPU
		{E64FCD5A-3053-4CCB-A647-27A4BFDEDBC5}.Release|Any CPU.Build.0 = Release|Any CPU
		{BB7B7AA3-84ED-42F8-9C33-B34CD3F0CBCA}.Debug|Any CPU.ActiveCfg = Debug|Any CPU
		{BB7B7AA3-84ED-42F8-9C33-B34CD3F0CBCA}.Debug|Any CPU.Build.0 = Debug|Any CPU
		{BB7B7AA3-84ED-42F8-9C33-B34CD3F0CBCA}.Release|Any CPU.ActiveCfg = Release|Any CPU
		{BB7B7AA3-84ED-42F8-9C33-B34CD3F0CBCA}.Release|Any CPU.Build.0 = Release|Any CPU
		{2C9A1D69-F2E0-4FB4-A9C3-660CB14CA059}.Debug|Any CPU.ActiveCfg = Debug|Any CPU
		{2C9A1D69-F2E0-4FB4-A9C3-660CB14CA059}.Debug|Any CPU.Build.0 = Debug|Any CPU
		{2C9A1D69-F2E0-4FB4-A9C3-660CB14CA059}.Release|Any CPU.ActiveCfg = Release|Any CPU
		{2C9A1D69-F2E0-4FB4-A9C3-660CB14CA059}.Release|Any CPU.Build.0 = Release|Any CPU
		{8FA345AB-A8CF-498E-9021-6AE4E8141771}.Debug|Any CPU.ActiveCfg = Debug|Any CPU
		{8FA345AB-A8CF-498E-9021-6AE4E8141771}.Debug|Any CPU.Build.0 = Debug|Any CPU
		{8FA345AB-A8CF-498E-9021-6AE4E8141771}.Release|Any CPU.ActiveCfg = Release|Any CPU
		{8FA345AB-A8CF-498E-9021-6AE4E8141771}.Release|Any CPU.Build.0 = Release|Any CPU
		{545744CA-EBB3-434E-B089-4F659CAF4DE2}.Debug|Any CPU.ActiveCfg = Debug|Any CPU
		{545744CA-EBB3-434E-B089-4F659CAF4DE2}.Debug|Any CPU.Build.0 = Debug|Any CPU
		{545744CA-EBB3-434E-B089-4F659CAF4DE2}.Release|Any CPU.ActiveCfg = Release|Any CPU
		{545744CA-EBB3-434E-B089-4F659CAF4DE2}.Release|Any CPU.Build.0 = Release|Any CPU
		{2DA4A822-DCF4-4209-B0CF-2F59FB75C15B}.Debug|Any CPU.ActiveCfg = Debug|Any CPU
		{2DA4A822-DCF4-4209-B0CF-2F59FB75C15B}.Debug|Any CPU.Build.0 = Debug|Any CPU
		{2DA4A822-DCF4-4209-B0CF-2F59FB75C15B}.Release|Any CPU.ActiveCfg = Release|Any CPU
		{2DA4A822-DCF4-4209-B0CF-2F59FB75C15B}.Release|Any CPU.Build.0 = Release|Any CPU
		{939D6D70-04B8-466B-8519-FC384E1DF79B}.Debug|Any CPU.ActiveCfg = Debug|Any CPU
		{939D6D70-04B8-466B-8519-FC384E1DF79B}.Debug|Any CPU.Build.0 = Debug|Any CPU
		{939D6D70-04B8-466B-8519-FC384E1DF79B}.Release|Any CPU.ActiveCfg = Release|Any CPU
		{939D6D70-04B8-466B-8519-FC384E1DF79B}.Release|Any CPU.Build.0 = Release|Any CPU
		{73853862-53FC-432B-BFB4-172960A8D190}.Debug|Any CPU.ActiveCfg = Debug|Any CPU
		{73853862-53FC-432B-BFB4-172960A8D190}.Debug|Any CPU.Build.0 = Debug|Any CPU
		{73853862-53FC-432B-BFB4-172960A8D190}.Release|Any CPU.ActiveCfg = Release|Any CPU
		{73853862-53FC-432B-BFB4-172960A8D190}.Release|Any CPU.Build.0 = Release|Any CPU
		{38894DEA-E63B-4FD9-B5C7-3FFE5DEBDEB9}.Debug|Any CPU.ActiveCfg = Debug|Any CPU
		{38894DEA-E63B-4FD9-B5C7-3FFE5DEBDEB9}.Debug|Any CPU.Build.0 = Debug|Any CPU
		{38894DEA-E63B-4FD9-B5C7-3FFE5DEBDEB9}.Release|Any CPU.ActiveCfg = Release|Any CPU
		{38894DEA-E63B-4FD9-B5C7-3FFE5DEBDEB9}.Release|Any CPU.Build.0 = Release|Any CPU
		{22E1C1CE-6426-47BC-8467-47C98195991E}.Debug|Any CPU.ActiveCfg = Debug|Any CPU
		{22E1C1CE-6426-47BC-8467-47C98195991E}.Debug|Any CPU.Build.0 = Debug|Any CPU
		{22E1C1CE-6426-47BC-8467-47C98195991E}.Release|Any CPU.ActiveCfg = Release|Any CPU
		{22E1C1CE-6426-47BC-8467-47C98195991E}.Release|Any CPU.Build.0 = Release|Any CPU
		{1A90BC56-05F8-40FC-B24E-EA1426A5E90A}.Debug|Any CPU.ActiveCfg = Debug|Any CPU
		{1A90BC56-05F8-40FC-B24E-EA1426A5E90A}.Debug|Any CPU.Build.0 = Debug|Any CPU
		{1A90BC56-05F8-40FC-B24E-EA1426A5E90A}.Release|Any CPU.ActiveCfg = Release|Any CPU
		{1A90BC56-05F8-40FC-B24E-EA1426A5E90A}.Release|Any CPU.Build.0 = Release|Any CPU
		{A0BDF32F-58EF-4ADB-9F5A-D72367A43C55}.Debug|Any CPU.ActiveCfg = Debug|Any CPU
		{A0BDF32F-58EF-4ADB-9F5A-D72367A43C55}.Debug|Any CPU.Build.0 = Debug|Any CPU
		{A0BDF32F-58EF-4ADB-9F5A-D72367A43C55}.Release|Any CPU.ActiveCfg = Release|Any CPU
		{A0BDF32F-58EF-4ADB-9F5A-D72367A43C55}.Release|Any CPU.Build.0 = Release|Any CPU
		{7C55237A-FAF4-49D8-8555-D1B60D7CC839}.Debug|Any CPU.ActiveCfg = Debug|Any CPU
		{7C55237A-FAF4-49D8-8555-D1B60D7CC839}.Debug|Any CPU.Build.0 = Debug|Any CPU
		{7C55237A-FAF4-49D8-8555-D1B60D7CC839}.Release|Any CPU.ActiveCfg = Release|Any CPU
		{7C55237A-FAF4-49D8-8555-D1B60D7CC839}.Release|Any CPU.Build.0 = Release|Any CPU
		{629AB277-2742-4FA8-A2FA-A9645D7C33E0}.Debug|Any CPU.ActiveCfg = Debug|Any CPU
		{629AB277-2742-4FA8-A2FA-A9645D7C33E0}.Debug|Any CPU.Build.0 = Debug|Any CPU
		{629AB277-2742-4FA8-A2FA-A9645D7C33E0}.Release|Any CPU.ActiveCfg = Release|Any CPU
		{629AB277-2742-4FA8-A2FA-A9645D7C33E0}.Release|Any CPU.Build.0 = Release|Any CPU
		{D75258DF-80F7-4E59-B436-4E5104E8C520}.Debug|Any CPU.ActiveCfg = Debug|Any CPU
		{D75258DF-80F7-4E59-B436-4E5104E8C520}.Debug|Any CPU.Build.0 = Debug|Any CPU
		{D75258DF-80F7-4E59-B436-4E5104E8C520}.Release|Any CPU.ActiveCfg = Release|Any CPU
		{D75258DF-80F7-4E59-B436-4E5104E8C520}.Release|Any CPU.Build.0 = Release|Any CPU
		{55A78A2F-23BB-4700-98DE-7255C309EBE5}.Debug|Any CPU.ActiveCfg = Debug|Any CPU
		{55A78A2F-23BB-4700-98DE-7255C309EBE5}.Debug|Any CPU.Build.0 = Debug|Any CPU
		{55A78A2F-23BB-4700-98DE-7255C309EBE5}.Release|Any CPU.ActiveCfg = Release|Any CPU
		{55A78A2F-23BB-4700-98DE-7255C309EBE5}.Release|Any CPU.Build.0 = Release|Any CPU
		{699F6134-457A-438E-B0BF-DFBB55B51616}.Debug|Any CPU.ActiveCfg = Debug|Any CPU
		{699F6134-457A-438E-B0BF-DFBB55B51616}.Debug|Any CPU.Build.0 = Debug|Any CPU
		{699F6134-457A-438E-B0BF-DFBB55B51616}.Release|Any CPU.ActiveCfg = Release|Any CPU
		{699F6134-457A-438E-B0BF-DFBB55B51616}.Release|Any CPU.Build.0 = Release|Any CPU
	EndGlobalSection
	GlobalSection(SolutionProperties) = preSolution
		HideSolutionNode = FALSE
	EndGlobalSection
	GlobalSection(NestedProjects) = preSolution
		{99A3E502-3946-47BE-B29C-EBDD19637C0E} = {7FADA346-6364-40B1-99DF-0F16C300D424}
		{D8243B26-31BE-4ECD-B399-20036AEEA2DD} = {7FADA346-6364-40B1-99DF-0F16C300D424}
		{E64FCD5A-3053-4CCB-A647-27A4BFDEDBC5} = {7FADA346-6364-40B1-99DF-0F16C300D424}
		{BB7B7AA3-84ED-42F8-9C33-B34CD3F0CBCA} = {7FADA346-6364-40B1-99DF-0F16C300D424}
		{2C9A1D69-F2E0-4FB4-A9C3-660CB14CA059} = {7FADA346-6364-40B1-99DF-0F16C300D424}
		{8FA345AB-A8CF-498E-9021-6AE4E8141771} = {3B94BCBE-371F-40B3-BD56-FF8B44367D44}
		{545744CA-EBB3-434E-B089-4F659CAF4DE2} = {3B94BCBE-371F-40B3-BD56-FF8B44367D44}
		{2DA4A822-DCF4-4209-B0CF-2F59FB75C15B} = {3B94BCBE-371F-40B3-BD56-FF8B44367D44}
		{939D6D70-04B8-466B-8519-FC384E1DF79B} = {3B94BCBE-371F-40B3-BD56-FF8B44367D44}
		{73853862-53FC-432B-BFB4-172960A8D190} = {3B94BCBE-371F-40B3-BD56-FF8B44367D44}
		{38894DEA-E63B-4FD9-B5C7-3FFE5DEBDEB9} = {9AEAFA61-04B4-4A22-B2F3-1065D9A6FDD3}
		{22E1C1CE-6426-47BC-8467-47C98195991E} = {9AEAFA61-04B4-4A22-B2F3-1065D9A6FDD3}
		{1A90BC56-05F8-40FC-B24E-EA1426A5E90A} = {9AEAFA61-04B4-4A22-B2F3-1065D9A6FDD3}
		{A0BDF32F-58EF-4ADB-9F5A-D72367A43C55} = {9AEAFA61-04B4-4A22-B2F3-1065D9A6FDD3}
		{7C55237A-FAF4-49D8-8555-D1B60D7CC839} = {5EE7819E-BB6F-4898-8BF2-20BDBFF30250}
		{629AB277-2742-4FA8-A2FA-A9645D7C33E0} = {5EE7819E-BB6F-4898-8BF2-20BDBFF30250}
		{D75258DF-80F7-4E59-B436-4E5104E8C520} = {5EE7819E-BB6F-4898-8BF2-20BDBFF30250}
		{55A78A2F-23BB-4700-98DE-7255C309EBE5} = {5EE7819E-BB6F-4898-8BF2-20BDBFF30250}
		{699F6134-457A-438E-B0BF-DFBB55B51616} = {809894D7-AB5E-4DE7-9F9D-1F785B05FEEC}
	EndGlobalSection
	GlobalSection(ExtensibilityGlobals) = postSolution
		SolutionGuid = {415DD7BB-E3D7-40DC-BC55-BE8A3127E646}
	EndGlobalSection
EndGlobal
